
Microsoft Visual Studio Solution File, Format Version 12.00
# Visual Studio Version 17
VisualStudioVersion = 17.10.35013.160
MinimumVisualStudioVersion = 10.0.40219.1
Project("{FAE04EC0-301F-11D3-BF4B-00C04F79EFBC}") = "İmalatMalzemeler_Gerceklesen", "İmalatMalzemeler_Gerceklesen.csproj", "{F37265E3-E458-40C2-88D0-38E963D19868}"
EndProject
Global
	GlobalSection(SolutionConfigurationPlatforms) = preSolution
		Debug|Any CPU = Debug|Any CPU
		Release|Any CPU = Release|Any CPU
	EndGlobalSection
	GlobalSection(ProjectConfigurationPlatforms) = postSolution
		{F37265E3-E458-40C2-88D0-38E963D19868}.Debug|Any CPU.ActiveCfg = Debug|Any CPU
		{F37265E3-E458-40C2-88D0-38E963D19868}.Debug|Any CPU.Build.0 = Debug|Any CPU
		{F37265E3-E458-40C2-88D0-38E963D19868}.Release|Any CPU.ActiveCfg = Release|Any CPU
		{F37265E3-E458-40C2-88D0-38E963D19868}.Release|Any CPU.Build.0 = Release|Any CPU
	EndGlobalSection
	GlobalSection(SolutionProperties) = preSolution
		HideSolutionNode = FALSE
	EndGlobalSection
	GlobalSection(ExtensibilityGlobals) = postSolution
		SolutionGuid = {1C05AF20-3CAA-4733-81CF-BF2CA1B068C0}
	EndGlobalSection
EndGlobal
